
Microsoft Visual Studio Solution File, Format Version 12.00
Project("{2150E333-8FDC-42A3-9474-1A3956D46DE8}") = "Src", "Src", "{B0CB86EB-7D56-46B9-BCE8-C45D7750EB05}"
EndProject
Project("{2150E333-8FDC-42A3-9474-1A3956D46DE8}") = "Test", "Test", "{3B847959-C658-44E3-877D-3118E58A0FF3}"
EndProject
Project("{2150E333-8FDC-42A3-9474-1A3956D46DE8}") = "Samples", "Samples", "{55EB35AA-D4D7-42AB-AF7F-54B23051970E}"
EndProject
Project("{FAE04EC0-301F-11D3-BF4B-00C04F79EFBC}") = "CoreBrew.Threading", "CoreBrew.Threading\CoreBrew.Threading.csproj", "{9FEC593A-1F79-4EA4-8EEC-F9E0A6CEA1AA}"
EndProject
Project("{FAE04EC0-301F-11D3-BF4B-00C04F79EFBC}") = "Test.CoreBrew.Threading", "Test.CoreBrew.Threading\Test.CoreBrew.Threading.csproj", "{908459F9-C528-49CB-8D3C-4766CD19195D}"
EndProject
Global
	GlobalSection(SolutionConfigurationPlatforms) = preSolution
		Debug|Any CPU = Debug|Any CPU
		Release|Any CPU = Release|Any CPU
	EndGlobalSection
	GlobalSection(NestedProjects) = preSolution
		{9FEC593A-1F79-4EA4-8EEC-F9E0A6CEA1AA} = {B0CB86EB-7D56-46B9-BCE8-C45D7750EB05}
		{908459F9-C528-49CB-8D3C-4766CD19195D} = {3B847959-C658-44E3-877D-3118E58A0FF3}
	EndGlobalSection
	GlobalSection(ProjectConfigurationPlatforms) = postSolution
		{9FEC593A-1F79-4EA4-8EEC-F9E0A6CEA1AA}.Debug|Any CPU.ActiveCfg = Debug|Any CPU
		{9FEC593A-1F79-4EA4-8EEC-F9E0A6CEA1AA}.Debug|Any CPU.Build.0 = Debug|Any CPU
		{9FEC593A-1F79-4EA4-8EEC-F9E0A6CEA1AA}.Release|Any CPU.ActiveCfg = Release|Any CPU
		{9FEC593A-1F79-4EA4-8EEC-F9E0A6CEA1AA}.Release|Any CPU.Build.0 = Release|Any CPU
		{908459F9-C528-49CB-8D3C-4766CD19195D}.Debug|Any CPU.ActiveCfg = Debug|Any CPU
		{908459F9-C528-49CB-8D3C-4766CD19195D}.Debug|Any CPU.Build.0 = Debug|Any CPU
		{908459F9-C528-49CB-8D3C-4766CD19195D}.Release|Any CPU.ActiveCfg = Release|Any CPU
		{908459F9-C528-49CB-8D3C-4766CD19195D}.Release|Any CPU.Build.0 = Release|Any CPU
	EndGlobalSection
EndGlobal
